// !$*UTF8*$!
{
	archiveVersion = 1;
	classes = {
	};
	objectVersion = 77;
	objects = {

/* Begin PBXBuildFile section */
		511258BD2D9B923100A35536 /* SnapKit in Frameworks */ = {isa = PBXBuildFile; productRef = 511258BC2D9B923100A35536 /* SnapKit */; };
/* End PBXBuildFile section */

/* Begin PBXContainerItemProxy section */
		5112589C2D9ADA4A00A35536 /* PBXContainerItemProxy */ = {
			isa = PBXContainerItemProxy;
			containerPortal = 5112587D2D9ADA4900A35536 /* Project object */;
			proxyType = 1;
			remoteGlobalIDString = 511258842D9ADA4900A35536;
			remoteInfo = TestUIKit;
		};
		511258A62D9ADA4A00A35536 /* PBXContainerItemProxy */ = {
			isa = PBXContainerItemProxy;
			containerPortal = 5112587D2D9ADA4900A35536 /* Project object */;
			proxyType = 1;
			remoteGlobalIDString = 511258842D9ADA4900A35536;
			remoteInfo = TestUIKit;
		};
/* End PBXContainerItemProxy section */

/* Begin PBXFileReference section */
		511258852D9ADA4900A35536 /* TestUIKit.app */ = {isa = PBXFileReference; explicitFileType = wrapper.application; includeInIndex = 0; path = TestUIKit.app; sourceTree = BUILT_PRODUCTS_DIR; };
		5112589B2D9ADA4A00A35536 /* TestUIKitTests.xctest */ = {isa = PBXFileReference; explicitFileType = wrapper.cfbundle; includeInIndex = 0; path = TestUIKitTests.xctest; sourceTree = BUILT_PRODUCTS_DIR; };
		511258A52D9ADA4A00A35536 /* TestUIKitUITests.xctest */ = {isa = PBXFileReference; explicitFileType = wrapper.cfbundle; includeInIndex = 0; path = TestUIKitUITests.xctest; sourceTree = BUILT_PRODUCTS_DIR; };
/* End PBXFileReference section */

/* Begin PBXFileSystemSynchronizedBuildFileExceptionSet section */
		511258AD2D9ADA4A00A35536 /* Exceptions for "TestUIKit" folder in "TestUIKit" target */ = {
			isa = PBXFileSystemSynchronizedBuildFileExceptionSet;
			membershipExceptions = (
				Info.plist,
			);
			target = 511258842D9ADA4900A35536 /* TestUIKit */;
		};
/* End PBXFileSystemSynchronizedBuildFileExceptionSet section */

/* Begin PBXFileSystemSynchronizedRootGroup section */
		511258872D9ADA4900A35536 /* TestUIKit */ = {
			isa = PBXFileSystemSynchronizedRootGroup;
			exceptions = (
				511258AD2D9ADA4A00A35536 /* Exceptions for "TestUIKit" folder in "TestUIKit" target */,
			);
			path = TestUIKit;
			sourceTree = "<group>";
		};
		5112589E2D9ADA4A00A35536 /* TestUIKitTests */ = {
			isa = PBXFileSystemSynchronizedRootGroup;
			path = TestUIKitTests;
			sourceTree = "<group>";
		};
		511258A82D9ADA4A00A35536 /* TestUIKitUITests */ = {
			isa = PBXFileSystemSynchronizedRootGroup;
			path = TestUIKitUITests;
			sourceTree = "<group>";
		};
/* End PBXFileSystemSynchronizedRootGroup section */

/* Begin PBXFrameworksBuildPhase section */
		511258822D9ADA4900A35536 /* Frameworks */ = {
			isa = PBXFrameworksBuildPhase;
			buildActionMask = 2147483647;
			files = (
				511258BD2D9B923100A35536 /* SnapKit in Frameworks */,
			);
			runOnlyForDeploymentPostprocessing = 0;
		};
		511258982D9ADA4A00A35536 /* Frameworks */ = {
			isa = PBXFrameworksBuildPhase;
			buildActionMask = 2147483647;
			files = (
			);
			runOnlyForDeploymentPostprocessing = 0;
		};
		511258A22D9ADA4A00A35536 /* Frameworks */ = {
			isa = PBXFrameworksBuildPhase;
			buildActionMask = 2147483647;
			files = (
			);
			runOnlyForDeploymentPostprocessing = 0;
		};
/* End PBXFrameworksBuildPhase section */

/* Begin PBXGroup section */
		5112587C2D9ADA4900A35536 = {
			isa = PBXGroup;
			children = (
				511258872D9ADA4900A35536 /* TestUIKit */,
				5112589E2D9ADA4A00A35536 /* TestUIKitTests */,
				511258A82D9ADA4A00A35536 /* TestUIKitUITests */,
				511258862D9ADA4900A35536 /* Products */,
			);
			sourceTree = "<group>";
		};
		511258862D9ADA4900A35536 /* Products */ = {
			isa = PBXGroup;
			children = (
				511258852D9ADA4900A35536 /* TestUIKit.app */,
				5112589B2D9ADA4A00A35536 /* TestUIKitTests.xctest */,
				511258A52D9ADA4A00A35536 /* TestUIKitUITests.xctest */,
			);
			name = Products;
			sourceTree = "<group>";
		};
/* End PBXGroup section */

/* Begin PBXNativeTarget section */
		511258842D9ADA4900A35536 /* TestUIKit */ = {
			isa = PBXNativeTarget;
			buildConfigurationList = 511258AE2D9ADA4A00A35536 /* Build configuration list for PBXNativeTarget "TestUIKit" */;
			buildPhases = (
				511258812D9ADA4900A35536 /* Sources */,
				511258822D9ADA4900A35536 /* Frameworks */,
				511258832D9ADA4900A35536 /* Resources */,
			);
			buildRules = (
			);
			dependencies = (
			);
			fileSystemSynchronizedGroups = (
				511258872D9ADA4900A35536 /* TestUIKit */,
			);
			name = TestUIKit;
			packageProductDependencies = (
				511258BC2D9B923100A35536 /* SnapKit */,
			);
			productName = TestUIKit;
			productReference = 511258852D9ADA4900A35536 /* TestUIKit.app */;
			productType = "com.apple.product-type.application";
		};
		5112589A2D9ADA4A00A35536 /* TestUIKitTests */ = {
			isa = PBXNativeTarget;
			buildConfigurationList = 511258B32D9ADA4A00A35536 /* Build configuration list for PBXNativeTarget "TestUIKitTests" */;
			buildPhases = (
				511258972D9ADA4A00A35536 /* Sources */,
				511258982D9ADA4A00A35536 /* Frameworks */,
				511258992D9ADA4A00A35536 /* Resources */,
			);
			buildRules = (
			);
			dependencies = (
				5112589D2D9ADA4A00A35536 /* PBXTargetDependency */,
			);
			fileSystemSynchronizedGroups = (
				5112589E2D9ADA4A00A35536 /* TestUIKitTests */,
			);
			name = TestUIKitTests;
			packageProductDependencies = (
			);
			productName = TestUIKitTests;
			productReference = 5112589B2D9ADA4A00A35536 /* TestUIKitTests.xctest */;
			productType = "com.apple.product-type.bundle.unit-test";
		};
		511258A42D9ADA4A00A35536 /* TestUIKitUITests */ = {
			isa = PBXNativeTarget;
			buildConfigurationList = 511258B62D9ADA4A00A35536 /* Build configuration list for PBXNativeTarget "TestUIKitUITests" */;
			buildPhases = (
				511258A12D9ADA4A00A35536 /* Sources */,
				511258A22D9ADA4A00A35536 /* Frameworks */,
				511258A32D9ADA4A00A35536 /* Resources */,
			);
			buildRules = (
			);
			dependencies = (
				511258A72D9ADA4A00A35536 /* PBXTargetDependency */,
			);
			fileSystemSynchronizedGroups = (
				511258A82D9ADA4A00A35536 /* TestUIKitUITests */,
			);
			name = TestUIKitUITests;
			packageProductDependencies = (
			);
			productName = TestUIKitUITests;
			productReference = 511258A52D9ADA4A00A35536 /* TestUIKitUITests.xctest */;
			productType = "com.apple.product-type.bundle.ui-testing";
		};
/* End PBXNativeTarget section */

/* Begin PBXProject section */
		5112587D2D9ADA4900A35536 /* Project object */ = {
			isa = PBXProject;
			attributes = {
				BuildIndependentTargetsInParallel = 1;
				LastSwiftUpdateCheck = 1620;
				LastUpgradeCheck = 1620;
				TargetAttributes = {
					511258842D9ADA4900A35536 = {
						CreatedOnToolsVersion = 16.2;
					};
					5112589A2D9ADA4A00A35536 = {
						CreatedOnToolsVersion = 16.2;
						TestTargetID = 511258842D9ADA4900A35536;
					};
					511258A42D9ADA4A00A35536 = {
						CreatedOnToolsVersion = 16.2;
						TestTargetID = 511258842D9ADA4900A35536;
					};
				};
			};
			buildConfigurationList = 511258802D9ADA4900A35536 /* Build configuration list for PBXProject "TestUIKit" */;
			developmentRegion = en;
			hasScannedForEncodings = 0;
			knownRegions = (
				en,
				Base,
			);
			mainGroup = 5112587C2D9ADA4900A35536;
			minimizedProjectReferenceProxies = 1;
			packageReferences = (
				511258BB2D9B923100A35536 /* XCRemoteSwiftPackageReference "SnapKit" */,
			);
			preferredProjectObjectVersion = 77;
			productRefGroup = 511258862D9ADA4900A35536 /* Products */;
			projectDirPath = "";
			projectRoot = "";
			targets = (
				511258842D9ADA4900A35536 /* TestUIKit */,
				5112589A2D9ADA4A00A35536 /* TestUIKitTests */,
				511258A42D9ADA4A00A35536 /* TestUIKitUITests */,
			);
		};
/* End PBXProject section */

/* Begin PBXResourcesBuildPhase section */
		511258832D9ADA4900A35536 /* Resources */ = {
			isa = PBXResourcesBuildPhase;
			buildActionMask = 2147483647;
			files = (
			);
			runOnlyForDeploymentPostprocessing = 0;
		};
		511258992D9ADA4A00A35536 /* Resources */ = {
			isa = PBXResourcesBuildPhase;
			buildActionMask = 2147483647;
			files = (
			);
			runOnlyForDeploymentPostprocessing = 0;
		};
		511258A32D9ADA4A00A35536 /* Resources */ = {
			isa = PBXResourcesBuildPhase;
			buildActionMask = 2147483647;
			files = (
			);
			runOnlyForDeploymentPostprocessing = 0;
		};
/* End PBXResourcesBuildPhase section */

/* Begin PBXSourcesBuildPhase section */
		511258812D9ADA4900A35536 /* Sources */ = {
			isa = PBXSourcesBuildPhase;
			buildActionMask = 2147483647;
			files = (
			);
			runOnlyForDeploymentPostprocessing = 0;
		};
		511258972D9ADA4A00A35536 /* Sources */ = {
			isa = PBXSourcesBuildPhase;
			buildActionMask = 2147483647;
			files = (
			);
			runOnlyForDeploymentPostprocessing = 0;
		};
		511258A12D9ADA4A00A35536 /* Sources */ = {
			isa = PBXSourcesBuildPhase;
			buildActionMask = 2147483647;
			files = (
			);
			runOnlyForDeploymentPostprocessing = 0;
		};
/* End PBXSourcesBuildPhase section */

/* Begin PBXTargetDependency section */
		5112589D2D9ADA4A00A35536 /* PBXTargetDependency */ = {
			isa = PBXTargetDependency;
			target = 511258842D9ADA4900A35536 /* TestUIKit */;
			targetProxy = 5112589C2D9ADA4A00A35536 /* PBXContainerItemProxy */;
		};
		511258A72D9ADA4A00A35536 /* PBXTargetDependency */ = {
			isa = PBXTargetDependency;
			target = 511258842D9ADA4900A35536 /* TestUIKit */;
			targetProxy = 511258A62D9ADA4A00A35536 /* PBXContainerItemProxy */;
		};
/* End PBXTargetDependency section */

/* Begin XCBuildConfiguration section */
		511258AF2D9ADA4A00A35536 /* Debug */ = {
			isa = XCBuildConfiguration;
			buildSettings = {
				ASSETCATALOG_COMPILER_APPICON_NAME = AppIcon;
				ASSETCATALOG_COMPILER_GLOBAL_ACCENT_COLOR_NAME = AccentColor;
				CODE_SIGN_STYLE = Automatic;
				CURRENT_PROJECT_VERSION = 1;
				DEVELOPMENT_TEAM = DJP3RUKAP4;
				GENERATE_INFOPLIST_FILE = YES;
				INFOPLIST_FILE = TestUIKit/Info.plist;
				INFOPLIST_KEY_UIApplicationSupportsIndirectInputEvents = YES;
				INFOPLIST_KEY_UILaunchStoryboardName = LaunchScreen;
				INFOPLIST_KEY_UISupportedInterfaceOrientations_iPad = "UIInterfaceOrientationPortrait UIInterfaceOrientationPortraitUpsideDown UIInterfaceOrientationLandscapeLeft UIInterfaceOrientationLandscapeRight";
				INFOPLIST_KEY_UISupportedInterfaceOrientations_iPhone = "UIInterfaceOrientationPortrait UIInterfaceOrientationLandscapeLeft UIInterfaceOrientationLandscapeRight";
				LD_RUNPATH_SEARCH_PATHS = (
					"$(inherited)",
					"@executable_path/Frameworks",
				);
				MARKETING_VERSION = 1.0;
				PRODUCT_BUNDLE_IDENTIFIER = jjj.TestUIKit;
				PRODUCT_NAME = "$(TARGET_NAME)";
				SWIFT_EMIT_LOC_STRINGS = YES;
				SWIFT_VERSION = 5.0;
				TARGETED_DEVICE_FAMILY = "1,2";
			};
			name = Debug;
		};
		511258B02D9ADA4A00A35536 /* Release */ = {
			isa = XCBuildConfiguration;
			buildSettings = {
				ASSETCATALOG_COMPILER_APPICON_NAME = AppIcon;
				ASSETCATALOG_COMPILER_GLOBAL_ACCENT_COLOR_NAME = AccentColor;
				CODE_SIGN_STYLE = Automatic;
				CURRENT_PROJECT_VERSION = 1;
				DEVELOPMENT_TEAM = DJP3RUKAP4;
				GENERATE_INFOPLIST_FILE = YES;
				INFOPLIST_FILE = TestUIKit/Info.plist;
				INFOPLIST_KEY_UIApplicationSupportsIndirectInputEvents = YES;
				INFOPLIST_KEY_UILaunchStoryboardName = LaunchScreen;
				INFOPLIST_KEY_UISupportedInterfaceOrientations_iPad = "UIInterfaceOrientationPortrait UIInterfaceOrientationPortraitUpsideDown UIInterfaceOrientationLandscapeLeft UIInterfaceOrientationLandscapeRight";
				INFOPLIST_KEY_UISupportedInterfaceOrientations_iPhone = "UIInterfaceOrientationPortrait UIInterfaceOrientationLandscapeLeft UIInterfaceOrientationLandscapeRight";
				LD_RUNPATH_SEARCH_PATHS = (
					"$(inherited)",
					"@executable_path/Frameworks",
				);
				MARKETING_VERSION = 1.0;
				PRODUCT_BUNDLE_IDENTIFIER = jjj.TestUIKit;
				PRODUCT_NAME = "$(TARGET_NAME)";
				SWIFT_EMIT_LOC_STRINGS = YES;
				SWIFT_VERSION = 5.0;
				TARGETED_DEVICE_FAMILY = "1,2";
			};
			name = Release;
		};
		511258B12D9ADA4A00A35536 /* Debug */ = {
			isa = XCBuildConfiguration;
			buildSettings = {
				ALWAYS_SEARCH_USER_PATHS = NO;
				ASSETCATALOG_COMPILER_GENERATE_SWIFT_ASSET_SYMBOL_EXTENSIONS = YES;
				CLANG_ANALYZER_NONNULL = YES;
				CLANG_ANALYZER_NUMBER_OBJECT_CONVERSION = YES_AGGRESSIVE;
				CLANG_CXX_LANGUAGE_STANDARD = "gnu++20";
				CLANG_ENABLE_MODULES = YES;
				CLANG_ENABLE_OBJC_ARC = YES;
				CLANG_ENABLE_OBJC_WEAK = YES;
				CLANG_WARN_BLOCK_CAPTURE_AUTORELEASING = YES;
				CLANG_WARN_BOOL_CONVERSION = YES;
				CLANG_WARN_COMMA = YES;
				CLANG_WARN_CONSTANT_CONVERSION = YES;
				CLANG_WARN_DEPRECATED_OBJC_IMPLEMENTATIONS = YES;
				CLANG_WARN_DIRECT_OBJC_ISA_USAGE = YES_ERROR;
				CLANG_WARN_DOCUMENTATION_COMMENTS = YES;
				CLANG_WARN_EMPTY_BODY = YES;
				CLANG_WARN_ENUM_CONVERSION = YES;
				CLANG_WARN_INFINITE_RECURSION = YES;
				CLANG_WARN_INT_CONVERSION = YES;
				CLANG_WARN_NON_LITERAL_NULL_CONVERSION = YES;
				CLANG_WARN_OBJC_IMPLICIT_RETAIN_SELF = YES;
				CLANG_WARN_OBJC_LITERAL_CONVERSION = YES;
				CLANG_WARN_OBJC_ROOT_CLASS = YES_ERROR;
				CLANG_WARN_QUOTED_INCLUDE_IN_FRAMEWORK_HEADER = YES;
				CLANG_WARN_RANGE_LOOP_ANALYSIS = YES;
				CLANG_WARN_STRICT_PROTOTYPES = YES;
				CLANG_WARN_SUSPICIOUS_MOVE = YES;
				CLANG_WARN_UNGUARDED_AVAILABILITY = YES_AGGRESSIVE;
				CLANG_WARN_UNREACHABLE_CODE = YES;
				CLANG_WARN__DUPLICATE_METHOD_MATCH = YES;
				COPY_PHASE_STRIP = NO;
				DEBUG_INFORMATION_FORMAT = dwarf;
				ENABLE_STRICT_OBJC_MSGSEND = YES;
				ENABLE_TESTABILITY = YES;
				ENABLE_USER_SCRIPT_SANDBOXING = YES;
				GCC_C_LANGUAGE_STANDARD = gnu17;
				GCC_DYNAMIC_NO_PIC = NO;
				GCC_NO_COMMON_BLOCKS = YES;
				GCC_OPTIMIZATION_LEVEL = 0;
				GCC_PREPROCESSOR_DEFINITIONS = (
					"DEBUG=1",
					"$(inherited)",
				);
				GCC_WARN_64_TO_32_BIT_CONVERSION = YES;
				GCC_WARN_ABOUT_RETURN_TYPE = YES_ERROR;
				GCC_WARN_UNDECLARED_SELECTOR = YES;
				GCC_WARN_UNINITIALIZED_AUTOS = YES_AGGRESSIVE;
				GCC_WARN_UNUSED_FUNCTION = YES;
				GCC_WARN_UNUSED_VARIABLE = YES;
				IPHONEOS_DEPLOYMENT_TARGET = 18.2;
				LOCALIZATION_PREFERS_STRING_CATALOGS = YES;
				MTL_ENABLE_DEBUG_INFO = INCLUDE_SOURCE;
				MTL_FAST_MATH = YES;
				ONLY_ACTIVE_ARCH = YES;
				SDKROOT = iphoneos;
				SWIFT_ACTIVE_COMPILATION_CONDITIONS = "DEBUG $(inherited)";
				SWIFT_OPTIMIZATION_LEVEL = "-Onone";
			};
			name = Debug;
		};
		511258B22D9ADA4A00A35536 /* Release */ = {
			isa = XCBuildConfiguration;
			buildSettings = {
				ALWAYS_SEARCH_USER_PATHS = NO;
				ASSETCATALOG_COMPILER_GENERATE_SWIFT_ASSET_SYMBOL_EXTENSIONS = YES;
				CLANG_ANALYZER_NONNULL = YES;
				CLANG_ANALYZER_NUMBER_OBJECT_CONVERSION = YES_AGGRESSIVE;
				CLANG_CXX_LANGUAGE_STANDARD = "gnu++20";
				CLANG_ENABLE_MODULES = YES;
				CLANG_ENABLE_OBJC_ARC = YES;
				CLANG_ENABLE_OBJC_WEAK = YES;
				CLANG_WARN_BLOCK_CAPTURE_AUTORELEASING = YES;
				CLANG_WARN_BOOL_CONVERSION = YES;
				CLANG_WARN_COMMA = YES;
				CLANG_WARN_CONSTANT_CONVERSION = YES;
				CLANG_WARN_DEPRECATED_OBJC_IMPLEMENTATIONS = YES;
				CLANG_WARN_DIRECT_OBJC_ISA_USAGE = YES_ERROR;
				CLANG_WARN_DOCUMENTATION_COMMENTS = YES;
				CLANG_WARN_EMPTY_BODY = YES;
				CLANG_WARN_ENUM_CONVERSION = YES;
				CLANG_WARN_INFINITE_RECURSION = YES;
				CLANG_WARN_INT_CONVERSION = YES;
				CLANG_WARN_NON_LITERAL_NULL_CONVERSION = YES;
				CLANG_WARN_OBJC_IMPLICIT_RETAIN_SELF = YES;
				CLANG_WARN_OBJC_LITERAL_CONVERSION = YES;
				CLANG_WARN_OBJC_ROOT_CLASS = YES_ERROR;
				CLANG_WARN_QUOTED_INCLUDE_IN_FRAMEWORK_HEADER = YES;
				CLANG_WARN_RANGE_LOOP_ANALYSIS = YES;
				CLANG_WARN_STRICT_PROTOTYPES = YES;
				CLANG_WARN_SUSPICIOUS_MOVE = YES;
				CLANG_WARN_UNGUARDED_AVAILABILITY = YES_AGGRESSIVE;
				CLANG_WARN_UNREACHABLE_CODE = YES;
				CLANG_WARN__DUPLICATE_METHOD_MATCH = YES;
				COPY_PHASE_STRIP = NO;
				DEBUG_INFORMATION_FORMAT = "dwarf-with-dsym";
				ENABLE_NS_ASSERTIONS = NO;
				ENABLE_STRICT_OBJC_MSGSEND = YES;
				ENABLE_USER_SCRIPT_SANDBOXING = YES;
				GCC_C_LANGUAGE_STANDARD = gnu17;
				GCC_NO_COMMON_BLOCKS = YES;
				GCC_WARN_64_TO_32_BIT_CONVERSION = YES;
				GCC_WARN_ABOUT_RETURN_TYPE = YES_ERROR;
				GCC_WARN_UNDECLARED_SELECTOR = YES;
				GCC_WARN_UNINITIALIZED_AUTOS = YES_AGGRESSIVE;
				GCC_WARN_UNUSED_FUNCTION = YES;
				GCC_WARN_UNUSED_VARIABLE = YES;
				IPHONEOS_DEPLOYMENT_TARGET = 18.2;
				LOCALIZATION_PREFERS_STRING_CATALOGS = YES;
				MTL_ENABLE_DEBUG_INFO = NO;
				MTL_FAST_MATH = YES;
				SDKROOT = iphoneos;
				SWIFT_COMPILATION_MODE = wholemodule;
				VALIDATE_PRODUCT = YES;
			};
			name = Release;
		};
		511258B42D9ADA4A00A35536 /* Debug */ = {
			isa = XCBuildConfiguration;
			buildSettings = {
				BUNDLE_LOADER = "$(TEST_HOST)";
				CODE_SIGN_STYLE = Automatic;
				CURRENT_PROJECT_VERSION = 1;
				DEVELOPMENT_TEAM = DJP3RUKAP4;
				GENERATE_INFOPLIST_FILE = YES;
				IPHONEOS_DEPLOYMENT_TARGET = 18.2;
				MARKETING_VERSION = 1.0;
				PRODUCT_BUNDLE_IDENTIFIER = jjj.TestUIKitTests;
				PRODUCT_NAME = "$(TARGET_NAME)";
				SWIFT_EMIT_LOC_STRINGS = NO;
				SWIFT_VERSION = 5.0;
				TARGETED_DEVICE_FAMILY = "1,2";
				TEST_HOST = "$(BUILT_PRODUCTS_DIR)/TestUIKit.app/$(BUNDLE_EXECUTABLE_FOLDER_PATH)/TestUIKit";
			};
			name = Debug;
		};
		511258B52D9ADA4A00A35536 /* Release */ = {
			isa = XCBuildConfiguration;
			buildSettings = {
				BUNDLE_LOADER = "$(TEST_HOST)";
				CODE_SIGN_STYLE = Automatic;
				CURRENT_PROJECT_VERSION = 1;
				DEVELOPMENT_TEAM = DJP3RUKAP4;
				GENERATE_INFOPLIST_FILE = YES;
				IPHONEOS_DEPLOYMENT_TARGET = 18.2;
				MARKETING_VERSION = 1.0;
				PRODUCT_BUNDLE_IDENTIFIER = jjj.TestUIKitTests;
				PRODUCT_NAME = "$(TARGET_NAME)";
				SWIFT_EMIT_LOC_STRINGS = NO;
				SWIFT_VERSION = 5.0;
				TARGETED_DEVICE_FAMILY = "1,2";
				TEST_HOST = "$(BUILT_PRODUCTS_DIR)/TestUIKit.app/$(BUNDLE_EXECUTABLE_FOLDER_PATH)/TestUIKit";
			};
			name = Release;
		};
		511258B72D9ADA4A00A35536 /* Debug */ = {
			isa = XCBuildConfiguration;
			buildSettings = {
				CODE_SIGN_STYLE = Automatic;
				CURRENT_PROJECT_VERSION = 1;
				DEVELOPMENT_TEAM = DJP3RUKAP4;
				GENERATE_INFOPLIST_FILE = YES;
				MARKETING_VERSION = 1.0;
				PRODUCT_BUNDLE_IDENTIFIER = jjj.TestUIKitUITests;
				PRODUCT_NAME = "$(TARGET_NAME)";
				SWIFT_EMIT_LOC_STRINGS = NO;
				SWIFT_VERSION = 5.0;
				TARGETED_DEVICE_FAMILY = "1,2";
				TEST_TARGET_NAME = TestUIKit;
			};
			name = Debug;
		};
		511258B82D9ADA4A00A35536 /* Release */ = {
			isa = XCBuildConfiguration;
			buildSettings = {
				CODE_SIGN_STYLE = Automatic;
				CURRENT_PROJECT_VERSION = 1;
				DEVELOPMENT_TEAM = DJP3RUKAP4;
				GENERATE_INFOPLIST_FILE = YES;
				MARKETING_VERSION = 1.0;
				PRODUCT_BUNDLE_IDENTIFIER = jjj.TestUIKitUITests;
				PRODUCT_NAME = "$(TARGET_NAME)";
				SWIFT_EMIT_LOC_STRINGS = NO;
				SWIFT_VERSION = 5.0;
				TARGETED_DEVICE_FAMILY = "1,2";
				TEST_TARGET_NAME = TestUIKit;
			};
			name = Release;
		};
/* End XCBuildConfiguration section */

/* Begin XCConfigurationList section */
		511258802D9ADA4900A35536 /* Build configuration list for PBXProject "TestUIKit" */ = {
			isa = XCConfigurationList;
			buildConfigurations = (
				511258B12D9ADA4A00A35536 /* Debug */,
				511258B22D9ADA4A00A35536 /* Release */,
			);
			defaultConfigurationIsVisible = 0;
			defaultConfigurationName = Release;
		};
		511258AE2D9ADA4A00A35536 /* Build configuration list for PBXNativeTarget "TestUIKit" */ = {
			isa = XCConfigurationList;
			buildConfigurations = (
				511258AF2D9ADA4A00A35536 /* Debug */,
				511258B02D9ADA4A00A35536 /* Release */,
			);
			defaultConfigurationIsVisible = 0;
			defaultConfigurationName = Release;
		};
		511258B32D9ADA4A00A35536 /* Build configuration list for PBXNativeTarget "TestUIKitTests" */ = {
			isa = XCConfigurationList;
			buildConfigurations = (
				511258B42D9ADA4A00A35536 /* Debug */,
				511258B52D9ADA4A00A35536 /* Release */,
			);
			defaultConfigurationIsVisible = 0;
			defaultConfigurationName = Release;
		};
		511258B62D9ADA4A00A35536 /* Build configuration list for PBXNativeTarget "TestUIKitUITests" */ = {
			isa = XCConfigurationList;
			buildConfigurations = (
				511258B72D9ADA4A00A35536 /* Debug */,
				511258B82D9ADA4A00A35536 /* Release */,
			);
			defaultConfigurationIsVisible = 0;
			defaultConfigurationName = Release;
		};
/* End XCConfigurationList section */

/* Begin XCRemoteSwiftPackageReference section */
		511258BB2D9B923100A35536 /* XCRemoteSwiftPackageReference "SnapKit" */ = {
			isa = XCRemoteSwiftPackageReference;
			repositoryURL = "https://github.com/SnapKit/SnapKit.git";
			requirement = {
				kind = upToNextMajorVersion;
				minimumVersion = 5.7.1;
			};
		};
/* End XCRemoteSwiftPackageReference section */

/* Begin XCSwiftPackageProductDependency section */
		511258BC2D9B923100A35536 /* SnapKit */ = {
			isa = XCSwiftPackageProductDependency;
			package = 511258BB2D9B923100A35536 /* XCRemoteSwiftPackageReference "SnapKit" */;
			productName = SnapKit;
		};
/* End XCSwiftPackageProductDependency section */
	};
	rootObject = 5112587D2D9ADA4900A35536 /* Project object */;
}
